// !$*UTF8*$!
{
	archiveVersion = 1;
	classes = {
	};
	objectVersion = 46;
	objects = {

/* Begin PBXBuildFile section */
		22100D851A66FC150012970A /* main.cpp in Sources */ = {isa = PBXBuildFile; fileRef = 22100D841A66FC150012970A /* main.cpp */; };
		22100D901A66FF600012970A /* binarySearchTree.cpp in Sources */ = {isa = PBXBuildFile; fileRef = 22100D8E1A66FF600012970A /* binarySearchTree.cpp */; };
/* End PBXBuildFile section */

/* Begin PBXCopyFilesBuildPhase section */
		22100D7F1A66FC150012970A /* CopyFiles */ = {
			isa = PBXCopyFilesBuildPhase;
			buildActionMask = 2147483647;
			dstPath = /usr/share/man/man1/;
			dstSubfolderSpec = 0;
			files = (
			);
			runOnlyForDeploymentPostprocessing = 1;
		};
/* End PBXCopyFilesBuildPhase section */

/* Begin PBXFileReference section */
		22100D811A66FC150012970A /* binarySearchTreePractice */ = {isa = PBXFileReference; explicitFileType = "compiled.mach-o.executable"; includeInIndex = 0; path = binarySearchTreePractice; sourceTree = BUILT_PRODUCTS_DIR; };
		22100D841A66FC150012970A /* main.cpp */ = {isa = PBXFileReference; lastKnownFileType = sourcecode.cpp.cpp; path = main.cpp; sourceTree = "<group>"; };
		22100D8E1A66FF600012970A /* binarySearchTree.cpp */ = {isa = PBXFileReference; fileEncoding = 4; lastKnownFileType = sourcecode.cpp.cpp; path = binarySearchTree.cpp; sourceTree = "<group>"; };
		22100D8F1A66FF600012970A /* binarySearchTree.h */ = {isa = PBXFileReference; fileEncoding = 4; lastKnownFileType = sourcecode.c.h; path = binarySearchTree.h; sourceTree = "<group>"; };
/* End PBXFileReference section */

/* Begin PBXFrameworksBuildPhase section */
		22100D7E1A66FC150012970A /* Frameworks */ = {
			isa = PBXFrameworksBuildPhase;
			buildActionMask = 2147483647;
			files = (
			);
			runOnlyForDeploymentPostprocessing = 0;
		};
/* End PBXFrameworksBuildPhase section */

/* Begin PBXGroup section */
		22100D781A66FC150012970A = {
			isa = PBXGroup;
			children = (
				22100D831A66FC150012970A /* binarySearchTreePractice */,
				22100D821A66FC150012970A /* Products */,
			);
			sourceTree = "<group>";
		};
		22100D821A66FC150012970A /* Products */ = {
			isa = PBXGroup;
			children = (
				22100D811A66FC150012970A /* binarySearchTreePractice */,
			);
			name = Products;
			sourceTree = "<group>";
		};
		22100D831A66FC150012970A /* binarySearchTreePractice */ = {
			isa = PBXGroup;
			children = (
				22100D841A66FC150012970A /* main.cpp */,
				22100D8E1A66FF600012970A /* binarySearchTree.cpp */,
				22100D8F1A66FF600012970A /* binarySearchTree.h */,
			);
			path = binarySearchTreePractice;
			sourceTree = "<group>";
		};
/* End PBXGroup section */

/* Begin PBXNativeTarget section */
		22100D801A66FC150012970A /* binarySearchTreePractice */ = {
			isa = PBXNativeTarget;
			buildConfigurationList = 22100D881A66FC150012970A /* Build configuration list for PBXNativeTarget "binarySearchTreePractice" */;
			buildPhases = (
				22100D7D1A66FC150012970A /* Sources */,
				22100D7E1A66FC150012970A /* Frameworks */,
				22100D7F1A66FC150012970A /* CopyFiles */,
			);
			buildRules = (
			);
			dependencies = (
			);
			name = binarySearchTreePractice;
			productName = binarySearchTreePractice;
			productReference = 22100D811A66FC150012970A /* binarySearchTreePractice */;
			productType = "com.apple.product-type.tool";
		};
/* End PBXNativeTarget section */

/* Begin PBXProject section */
		22100D791A66FC150012970A /* Project object */ = {
			isa = PBXProject;
			attributes = {
				LastUpgradeCheck = 0610;
				ORGANIZATIONNAME = "Tim Lobes";
				TargetAttributes = {
					22100D801A66FC150012970A = {
						CreatedOnToolsVersion = 6.1.1;
					};
				};
			};
			buildConfigurationList = 22100D7C1A66FC150012970A /* Build configuration list for PBXProject "binarySearchTreePractice" */;
			compatibilityVersion = "Xcode 3.2";
			developmentRegion = English;
			hasScannedForEncodings = 0;
			knownRegions = (
				en,
			);
			mainGroup = 22100D781A66FC150012970A;
			productRefGroup = 22100D821A66FC150012970A /* Products */;
			projectDirPath = "";
			projectRoot = "";
			targets = (
				22100D801A66FC150012970A /* binarySearchTreePractice */,
			);
		};
/* End PBXProject section */

/* Begin PBXSourcesBuildPhase section */
		22100D7D1A66FC150012970A /* Sources */ = {
			isa = PBXSourcesBuildPhase;
			buildActionMask = 2147483647;
			files = (
				22100D851A66FC150012970A /* main.cpp in Sources */,
				22100D901A66FF600012970A /* binarySearchTree.cpp in Sources */,
			);
			runOnlyForDeploymentPostprocessing = 0;
		};
/* End PBXSourcesBuildPhase section */

/* Begin XCBuildConfiguration section */
		22100D861A66FC150012970A /* Debug */ = {
			isa = XCBuildConfiguration;
			buildSettings = {
				ALWAYS_SEARCH_USER_PATHS = NO;
				CLANG_CXX_LANGUAGE_STANDARD = "gnu++0x";
				CLANG_CXX_LIBRARY = "libc++";
				CLANG_ENABLE_MODULES = YES;
				CLANG_ENABLE_OBJC_ARC = YES;
				CLANG_WARN_BOOL_CONVERSION = YES;
				CLANG_WARN_CONSTANT_CONVERSION = YES;
				CLANG_WARN_DIRECT_OBJC_ISA_USAGE = YES_ERROR;
				CLANG_WARN_EMPTY_BODY = YES;
				CLANG_WARN_ENUM_CONVERSION = YES;
				CLANG_WARN_INT_CONVERSION = YES;
				CLANG_WARN_OBJC_ROOT_CLASS = YES_ERROR;
				CLANG_WARN_UNREACHABLE_CODE = YES;
				CLANG_WARN__DUPLICATE_METHOD_MATCH = YES;
				COPY_PHASE_STRIP = NO;
				ENABLE_STRICT_OBJC_MSGSEND = YES;
				GCC_C_LANGUAGE_STANDARD = gnu99;
				GCC_DYNAMIC_NO_PIC = NO;
				GCC_OPTIMIZATION_LEVEL = 0;
				GCC_PREPROCESSOR_DEFINITIONS = (
					"DEBUG=1",
					"$(inherited)",
				);
				GCC_SYMBOLS_PRIVATE_EXTERN = NO;
				GCC_WARN_64_TO_32_BIT_CONVERSION = YES;
				GCC_WARN_ABOUT_RETURN_TYPE = YES_ERROR;
				GCC_WARN_UNDECLARED_SELECTOR = YES;
				GCC_WARN_UNINITIALIZED_AUTOS = YES_AGGRESSIVE;
				GCC_WARN_UNUSED_FUNCTION = YES;
				GCC_WARN_UNUSED_VARIABLE = YES;
				MACOSX_DEPLOYMENT_TARGET = 10.10;
				MTL_ENABLE_DEBUG_INFO = YES;
				ONLY_ACTIVE_ARCH = YES;
				SDKROOT = macosx;
			};
			name = Debug;
		};
		22100D871A66FC150012970A /* Release */ = {
			isa = XCBuildConfiguration;
			buildSettings = {
				ALWAYS_SEARCH_USER_PATHS = NO;
				CLANG_CXX_LANGUAGE_STANDARD = "gnu++0x";
				CLANG_CXX_LIBRARY = "libc++";
				CLANG_ENABLE_MODULES = YES;
				CLANG_ENABLE_OBJC_ARC = YES;
				CLANG_WARN_BOOL_CONVERSION = YES;
				CLANG_WARN_CONSTANT_CONVERSION = YES;
				CLANG_WARN_DIRECT_OBJC_ISA_USAGE = YES_ERROR;
				CLANG_WARN_EMPTY_BODY = YES;
				CLANG_WARN_ENUM_CONVERSION = YES;
				CLANG_WARN_INT_CONVERSION = YES;
				CLANG_WARN_OBJC_ROOT_CLASS = YES_ERROR;
				CLANG_WARN_UNREACHABLE_CODE = YES;
				CLANG_WARN__DUPLICATE_METHOD_MATCH = YES;
				COPY_PHASE_STRIP = YES;
				DEBUG_INFORMATION_FORMAT = "dwarf-with-dsym";
				ENABLE_NS_ASSERTIONS = NO;
				ENABLE_STRICT_OBJC_MSGSEND = YES;
				GCC_C_LANGUAGE_STANDARD = gnu99;
				GCC_WARN_64_TO_32_BIT_CONVERSION = YES;
				GCC_WARN_ABOUT_RETURN_TYPE = YES_ERROR;
				GCC_WARN_UNDECLARED_SELECTOR = YES;
				GCC_WARN_UNINITIALIZED_AUTOS = YES_AGGRESSIVE;
				GCC_WARN_UNUSED_FUNCTION = YES;
				GCC_WARN_UNUSED_VARIABLE = YES;
				MACOSX_DEPLOYMENT_TARGET = 10.10;
				MTL_ENABLE_DEBUG_INFO = NO;
				SDKROOT = macosx;
			};
			name = Release;
		};
		22100D891A66FC150012970A /* Debug */ = {
			isa = XCBuildConfiguration;
			buildSettings = {
				PRODUCT_NAME = "$(TARGET_NAME)";
			};
			name = Debug;
		};
		22100D8A1A66FC150012970A /* Release */ = {
			isa = XCBuildConfiguration;
			buildSettings = {
				PRODUCT_NAME = "$(TARGET_NAME)";
			};
			name = Release;
		};
/* End XCBuildConfiguration section */

/* Begin XCConfigurationList section */
		22100D7C1A66FC150012970A /* Build configuration list for PBXProject "binarySearchTreePractice" */ = {
			isa = XCConfigurationList;
			buildConfigurations = (
				22100D861A66FC150012970A /* Debug */,
				22100D871A66FC150012970A /* Release */,
			);
			defaultConfigurationIsVisible = 0;
			defaultConfigurationName = Release;
		};
		22100D881A66FC150012970A /* Build configuration list for PBXNativeTarget "binarySearchTreePractice" */ = {
			isa = XCConfigurationList;
			buildConfigurations = (
				22100D891A66FC150012970A /* Debug */,
				22100D8A1A66FC150012970A /* Release */,
			);
			defaultConfigurationIsVisible = 0;
		};
/* End XCConfigurationList section */
	};
	rootObject = 22100D791A66FC150012970A /* Project object */;
}
